
Microsoft Visual Studio Solution File, Format Version 12.00
# Visual Studio Version 18
VisualStudioVersion = 18.5.11709.299 stable
MinimumVisualStudioVersion = 10.0.40219.1
Project("{FAE04EC0-301F-11D3-BF4B-00C04F79EFBC}") = "APILayer", "..\APILayer\APILayer.csproj", "{40ED4399-F97E-4092-8FB8-4BE4F593E02B}"
EndProject
Project("{FAE04EC0-301F-11D3-BF4B-00C04F79EFBC}") = "ApplicationLayer", "..\ApplicationLayer\ApplicationLayer.csproj", "{7FD46105-FDAB-4BA7-A9C8-B6B641F10C79}"
EndProject
Project("{FAE04EC0-301F-11D3-BF4B-00C04F79EFBC}") = "DomainLayer", "..\DomainLayer\DomainLayer.csproj", "{2EFE5B75-AB6B-4A39-98B9-8042536F354A}"
EndProject
Project("{FAE04EC0-301F-11D3-BF4B-00C04F79EFBC}") = "InfrastructureLayer", "..\InfrastructureLayer\InfrastructureLayer.csproj", "{B1651AAF-3B76-4DB5-A161-325A6EC5EA04}"
EndProject
Global
	GlobalSection(SolutionConfigurationPlatforms) = preSolution
		Debug|Any CPU = Debug|Any CPU
		Release|Any CPU = Release|Any CPU
	EndGlobalSection
	GlobalSection(ProjectConfigurationPlatforms) = postSolution
		{40ED4399-F97E-4092-8FB8-4BE4F593E02B}.Debug|Any CPU.ActiveCfg = Debug|Any CPU
		{40ED4399-F97E-4092-8FB8-4BE4F593E02B}.Debug|Any CPU.Build.0 = Debug|Any CPU
		{40ED4399-F97E-4092-8FB8-4BE4F593E02B}.Release|Any CPU.ActiveCfg = Release|Any CPU
		{40ED4399-F97E-4092-8FB8-4BE4F593E02B}.Release|Any CPU.Build.0 = Release|Any CPU
		{7FD46105-FDAB-4BA7-A9C8-B6B641F10C79}.Debug|Any CPU.ActiveCfg = Debug|Any CPU
		{7FD46105-FDAB-4BA7-A9C8-B6B641F10C79}.Debug|Any CPU.Build.0 = Debug|Any CPU
		{7FD46105-FDAB-4BA7-A9C8-B6B641F10C79}.Release|Any CPU.ActiveCfg = Release|Any CPU
		{7FD46105-FDAB-4BA7-A9C8-B6B641F10C79}.Release|Any CPU.Build.0 = Release|Any CPU
		{2EFE5B75-AB6B-4A39-98B9-8042536F354A}.Debug|Any CPU.ActiveCfg = Debug|Any CPU
		{2EFE5B75-AB6B-4A39-98B9-8042536F354A}.Debug|Any CPU.Build.0 = Debug|Any CPU
		{2EFE5B75-AB6B-4A39-98B9-8042536F354A}.Release|Any CPU.ActiveCfg = Release|Any CPU
		{2EFE5B75-AB6B-4A39-98B9-8042536F354A}.Release|Any CPU.Build.0 = Release|Any CPU
		{B1651AAF-3B76-4DB5-A161-325A6EC5EA04}.Debug|Any CPU.ActiveCfg = Debug|Any CPU
		{B1651AAF-3B76-4DB5-A161-325A6EC5EA04}.Debug|Any CPU.Build.0 = Debug|Any CPU
		{B1651AAF-3B76-4DB5-A161-325A6EC5EA04}.Release|Any CPU.ActiveCfg = Release|Any CPU
		{B1651AAF-3B76-4DB5-A161-325A6EC5EA04}.Release|Any CPU.Build.0 = Release|Any CPU
	EndGlobalSection
	GlobalSection(SolutionProperties) = preSolution
		HideSolutionNode = FALSE
	EndGlobalSection
	GlobalSection(ExtensibilityGlobals) = postSolution
		SolutionGuid = {C2FFEAAD-BE09-4E14-B05E-BF43717789CC}
	EndGlobalSection
EndGlobal
